
Microsoft Visual Studio Solution File, Format Version 12.00
# Visual Studio 15
VisualStudioVersion = 15.0.26124.0
MinimumVisualStudioVersion = 15.0.26124.0
Project("{FAE04EC0-301F-11D3-BF4B-00C04F79EFBC}") = "Application", "Application\Application.csproj", "{4B0F2F69-6964-49E9-A78B-FB04FA4A6BBB}"
EndProject
Project("{FAE04EC0-301F-11D3-BF4B-00C04F79EFBC}") = "Domain", "Domain\Domain.csproj", "{976EA808-9042-4DF0-8DE6-D6783C148E70}"
EndProject
Project("{FAE04EC0-301F-11D3-BF4B-00C04F79EFBC}") = "API", "API\API.csproj", "{F8E19610-8EF7-4507-8846-2A62756A7C1C}"
EndProject
Project("{FAE04EC0-301F-11D3-BF4B-00C04F79EFBC}") = "Persistence", "Persistence\Persistence.csproj", "{7C672EE8-F7DD-425A-A021-FD17F8BEB261}"
EndProject
Global
	GlobalSection(SolutionConfigurationPlatforms) = preSolution
		Debug|Any CPU = Debug|Any CPU
		Debug|x64 = Debug|x64
		Debug|x86 = Debug|x86
		Release|Any CPU = Release|Any CPU
		Release|x64 = Release|x64
		Release|x86 = Release|x86
	EndGlobalSection
	GlobalSection(SolutionProperties) = preSolution
		HideSolutionNode = FALSE
	EndGlobalSection
	GlobalSection(ProjectConfigurationPlatforms) = postSolution
		{4B0F2F69-6964-49E9-A78B-FB04FA4A6BBB}.Debug|Any CPU.ActiveCfg = Debug|Any CPU
		{4B0F2F69-6964-49E9-A78B-FB04FA4A6BBB}.Debug|Any CPU.Build.0 = Debug|Any CPU
		{4B0F2F69-6964-49E9-A78B-FB04FA4A6BBB}.Debug|x64.ActiveCfg = Debug|Any CPU
		{4B0F2F69-6964-49E9-A78B-FB04FA4A6BBB}.Debug|x64.Build.0 = Debug|Any CPU
		{4B0F2F69-6964-49E9-A78B-FB04FA4A6BBB}.Debug|x86.ActiveCfg = Debug|Any CPU
		{4B0F2F69-6964-49E9-A78B-FB04FA4A6BBB}.Debug|x86.Build.0 = Debug|Any CPU
		{4B0F2F69-6964-49E9-A78B-FB04FA4A6BBB}.Release|Any CPU.ActiveCfg = Release|Any CPU
		{4B0F2F69-6964-49E9-A78B-FB04FA4A6BBB}.Release|Any CPU.Build.0 = Release|Any CPU
		{4B0F2F69-6964-49E9-A78B-FB04FA4A6BBB}.Release|x64.ActiveCfg = Release|Any CPU
		{4B0F2F69-6964-49E9-A78B-FB04FA4A6BBB}.Release|x64.Build.0 = Release|Any CPU
		{4B0F2F69-6964-49E9-A78B-FB04FA4A6BBB}.Release|x86.ActiveCfg = Release|Any CPU
		{4B0F2F69-6964-49E9-A78B-FB04FA4A6BBB}.Release|x86.Build.0 = Release|Any CPU
		{976EA808-9042-4DF0-8DE6-D6783C148E70}.Debug|Any CPU.ActiveCfg = Debug|Any CPU
		{976EA808-9042-4DF0-8DE6-D6783C148E70}.Debug|Any CPU.Build.0 = Debug|Any CPU
		{976EA808-9042-4DF0-8DE6-D6783C148E70}.Debug|x64.ActiveCfg = Debug|Any CPU
		{976EA808-9042-4DF0-8DE6-D6783C148E70}.Debug|x64.Build.0 = Debug|Any CPU
		{976EA808-9042-4DF0-8DE6-D6783C148E70}.Debug|x86.ActiveCfg = Debug|Any CPU
		{976EA808-9042-4DF0-8DE6-D6783C148E70}.Debug|x86.Build.0 = Debug|Any CPU
		{976EA808-9042-4DF0-8DE6-D6783C148E70}.Release|Any CPU.ActiveCfg = Release|Any CPU
		{976EA808-9042-4DF0-8DE6-D6783C148E70}.Release|Any CPU.Build.0 = Release|Any CPU
		{976EA808-9042-4DF0-8DE6-D6783C148E70}.Release|x64.ActiveCfg = Release|Any CPU
		{976EA808-9042-4DF0-8DE6-D6783C148E70}.Release|x64.Build.0 = Release|Any CPU
		{976EA808-9042-4DF0-8DE6-D6783C148E70}.Release|x86.ActiveCfg = Release|Any CPU
		{976EA808-9042-4DF0-8DE6-D6783C148E70}.Release|x86.Build.0 = Release|Any CPU
		{F8E19610-8EF7-4507-8846-2A62756A7C1C}.Debug|Any CPU.ActiveCfg = Debug|Any CPU
		{F8E19610-8EF7-4507-8846-2A62756A7C1C}.Debug|Any CPU.Build.0 = Debug|Any CPU
		{F8E19610-8EF7-4507-8846-2A62756A7C1C}.Debug|x64.ActiveCfg = Debug|Any CPU
		{F8E19610-8EF7-4507-8846-2A62756A7C1C}.Debug|x64.Build.0 = Debug|Any CPU
		{F8E19610-8EF7-4507-8846-2A62756A7C1C}.Debug|x86.ActiveCfg = Debug|Any CPU
		{F8E19610-8EF7-4507-8846-2A62756A7C1C}.Debug|x86.Build.0 = Debug|Any CPU
		{F8E19610-8EF7-4507-8846-2A62756A7C1C}.Release|Any CPU.ActiveCfg = Release|Any CPU
		{F8E19610-8EF7-4507-8846-2A62756A7C1C}.Release|Any CPU.Build.0 = Release|Any CPU
		{F8E19610-8EF7-4507-8846-2A62756A7C1C}.Release|x64.ActiveCfg = Release|Any CPU
		{F8E19610-8EF7-4507-8846-2A62756A7C1C}.Release|x64.Build.0 = Release|Any CPU
		{F8E19610-8EF7-4507-8846-2A62756A7C1C}.Release|x86.ActiveCfg = Release|Any CPU
		{F8E19610-8EF7-4507-8846-2A62756A7C1C}.Release|x86.Build.0 = Release|Any CPU
		{7C672EE8-F7DD-425A-A021-FD17F8BEB261}.Debug|Any CPU.ActiveCfg = Debug|Any CPU
		{7C672EE8-F7DD-425A-A021-FD17F8BEB261}.Debug|Any CPU.Build.0 = Debug|Any CPU
		{7C672EE8-F7DD-425A-A021-FD17F8BEB261}.Debug|x64.ActiveCfg = Debug|Any CPU
		{7C672EE8-F7DD-425A-A021-FD17F8BEB261}.Debug|x64.Build.0 = Debug|Any CPU
		{7C672EE8-F7DD-425A-A021-FD17F8BEB261}.Debug|x86.ActiveCfg = Debug|Any CPU
		{7C672EE8-F7DD-425A-A021-FD17F8BEB261}.Debug|x86.Build.0 = Debug|Any CPU
		{7C672EE8-F7DD-425A-A021-FD17F8BEB261}.Release|Any CPU.ActiveCfg = Release|Any CPU
		{7C672EE8-F7DD-425A-A021-FD17F8BEB261}.Release|Any CPU.Build.0 = Release|Any CPU
		{7C672EE8-F7DD-425A-A021-FD17F8BEB261}.Release|x64.ActiveCfg = Release|Any CPU
		{7C672EE8-F7DD-425A-A021-FD17F8BEB261}.Release|x64.Build.0 = Release|Any CPU
		{7C672EE8-F7DD-425A-A021-FD17F8BEB261}.Release|x86.ActiveCfg = Release|Any CPU
		{7C672EE8-F7DD-425A-A021-FD17F8BEB261}.Release|x86.Build.0 = Release|Any CPU
	EndGlobalSection
EndGlobal
